
Microsoft Visual Studio Solution File, Format Version 12.00
# Visual Studio Version 17
VisualStudioVersion = 17.3.32811.315
MinimumVisualStudioVersion = 10.0.40219.1
Project("{FAE04EC0-301F-11D3-BF4B-00C04F79EFBC}") = "Snake.Library", "Snake.Library\Snake.Library.csproj", "{2418CCF8-0264-4A8D-8B83-4B42A6CCB16B}"
EndProject
Project("{FAE04EC0-301F-11D3-BF4B-00C04F79EFBC}") = "Snake.Console", "Snake.Console\Snake.Console.csproj", "{F46D3145-1CEE-489C-BD95-4E524E8F10BB}"
EndProject
Global
	GlobalSection(SolutionConfigurationPlatforms) = preSolution
		Debug|Any CPU = Debug|Any CPU
		Release|Any CPU = Release|Any CPU
	EndGlobalSection
	GlobalSection(ProjectConfigurationPlatforms) = postSolution
		{2418CCF8-0264-4A8D-8B83-4B42A6CCB16B}.Debug|Any CPU.ActiveCfg = Debug|Any CPU
		{2418CCF8-0264-4A8D-8B83-4B42A6CCB16B}.Debug|Any CPU.Build.0 = Debug|Any CPU
		{2418CCF8-0264-4A8D-8B83-4B42A6CCB16B}.Release|Any CPU.ActiveCfg = Release|Any CPU
		{2418CCF8-0264-4A8D-8B83-4B42A6CCB16B}.Release|Any CPU.Build.0 = Release|Any CPU
		{F46D3145-1CEE-489C-BD95-4E524E8F10BB}.Debug|Any CPU.ActiveCfg = Debug|Any CPU
		{F46D3145-1CEE-489C-BD95-4E524E8F10BB}.Debug|Any CPU.Build.0 = Debug|Any CPU
		{F46D3145-1CEE-489C-BD95-4E524E8F10BB}.Release|Any CPU.ActiveCfg = Release|Any CPU
		{F46D3145-1CEE-489C-BD95-4E524E8F10BB}.Release|Any CPU.Build.0 = Release|Any CPU
	EndGlobalSection
	GlobalSection(SolutionProperties) = preSolution
		HideSolutionNode = FALSE
	EndGlobalSection
	GlobalSection(ExtensibilityGlobals) = postSolution
		SolutionGuid = {2BCC8D9B-7849-47B3-91EA-4EEF762BA01C}
	EndGlobalSection
EndGlobal
